// !$*UTF8*$!
{
	archiveVersion = 1;
	classes = {
	};
	objectVersion = 48;
	objects = {

/* Begin PBXBuildFile section */
		79388A6269391A36C5411373 /* Pods_SystemManager.framework in Frameworks */ = {isa = PBXBuildFile; fileRef = 6A3F6E44A31EFFDF4D473BEB /* Pods_SystemManager.framework */; };
		C016CA211F64137F00ADC985 /* StudentCheckAPI.swift in Sources */ = {isa = PBXBuildFile; fileRef = C016CA201F64137F00ADC985 /* StudentCheckAPI.swift */; };
		C016CA261F64159A00ADC985 /* Student+CoreDataClass.swift in Sources */ = {isa = PBXBuildFile; fileRef = C016CA241F64159A00ADC985 /* Student+CoreDataClass.swift */; };
		C016CA291F6415CD00ADC985 /* StudentAPI.swift in Sources */ = {isa = PBXBuildFile; fileRef = C016CA281F6415CD00ADC985 /* StudentAPI.swift */; };
		C016CA311F641E7300ADC985 /* AuthAPI.swift in Sources */ = {isa = PBXBuildFile; fileRef = C016CA301F641E7300ADC985 /* AuthAPI.swift */; };
		C058F5811F77360900DA4AE8 /* StudentSplitViewController.swift in Sources */ = {isa = PBXBuildFile; fileRef = C058F5801F77360900DA4AE8 /* StudentSplitViewController.swift */; };
		C0B951001F78149300D16DD1 /* Saveable+CoreDataClass.swift in Sources */ = {isa = PBXBuildFile; fileRef = C0B950FF1F78149300D16DD1 /* Saveable+CoreDataClass.swift */; };
		C0EB158C1F63FE3200B2D6DB /* AppDelegate.swift in Sources */ = {isa = PBXBuildFile; fileRef = C0EB158B1F63FE3200B2D6DB /* AppDelegate.swift */; };
		C0EB15911F63FE3200B2D6DB /* Main.storyboard in Resources */ = {isa = PBXBuildFile; fileRef = C0EB158F1F63FE3200B2D6DB /* Main.storyboard */; };
		C0EB15941F63FE3200B2D6DB /* SystemManager.xcdatamodeld in Sources */ = {isa = PBXBuildFile; fileRef = C0EB15921F63FE3200B2D6DB /* SystemManager.xcdatamodeld */; };
		C0EB15961F63FE3200B2D6DB /* Assets.xcassets in Resources */ = {isa = PBXBuildFile; fileRef = C0EB15951F63FE3200B2D6DB /* Assets.xcassets */; };
		C0EB15991F63FE3200B2D6DB /* LaunchScreen.storyboard in Resources */ = {isa = PBXBuildFile; fileRef = C0EB15971F63FE3200B2D6DB /* LaunchScreen.storyboard */; };
		C0EB15A71F6405B000B2D6DB /* StudentListViewController.swift in Sources */ = {isa = PBXBuildFile; fileRef = C0EB15A61F6405B000B2D6DB /* StudentListViewController.swift */; };
		C0EB15AB1F6405D200B2D6DB /* StudentTableViewCell.swift in Sources */ = {isa = PBXBuildFile; fileRef = C0EB15AA1F6405D200B2D6DB /* StudentTableViewCell.swift */; };
		C0EF5C5E1F7546AC0063B879 /* CoreStudentCheck.swift in Sources */ = {isa = PBXBuildFile; fileRef = C0EF5C5D1F7546AC0063B879 /* CoreStudentCheck.swift */; };
		C0EF5C611F75482B0063B879 /* StudentManager.swift in Sources */ = {isa = PBXBuildFile; fileRef = C0EF5C601F75482B0063B879 /* StudentManager.swift */; };
/* End PBXBuildFile section */

/* Begin PBXCopyFilesBuildPhase section */
		C06722AB1F643EAF0062822F /* CopyFiles */ = {
			isa = PBXCopyFilesBuildPhase;
			buildActionMask = 2147483647;
			dstPath = "";
			dstSubfolderSpec = 10;
			files = (
			);
			runOnlyForDeploymentPostprocessing = 0;
		};
/* End PBXCopyFilesBuildPhase section */

/* Begin PBXFileReference section */
		09A604E9D9959AE0158BC53B /* Pods-SystemManager.release.xcconfig */ = {isa = PBXFileReference; includeInIndex = 1; lastKnownFileType = text.xcconfig; name = "Pods-SystemManager.release.xcconfig"; path = "Pods/Target Support Files/Pods-SystemManager/Pods-SystemManager.release.xcconfig"; sourceTree = "<group>"; };
		33C111BB2E0883C0325ED2A3 /* Pods-SystemManager.debug.xcconfig */ = {isa = PBXFileReference; includeInIndex = 1; lastKnownFileType = text.xcconfig; name = "Pods-SystemManager.debug.xcconfig"; path = "Pods/Target Support Files/Pods-SystemManager/Pods-SystemManager.debug.xcconfig"; sourceTree = "<group>"; };
		6A3F6E44A31EFFDF4D473BEB /* Pods_SystemManager.framework */ = {isa = PBXFileReference; explicitFileType = wrapper.framework; includeInIndex = 0; path = Pods_SystemManager.framework; sourceTree = BUILT_PRODUCTS_DIR; };
		C016CA201F64137F00ADC985 /* StudentCheckAPI.swift */ = {isa = PBXFileReference; lastKnownFileType = sourcecode.swift; path = StudentCheckAPI.swift; sourceTree = "<group>"; };
		C016CA241F64159A00ADC985 /* Student+CoreDataClass.swift */ = {isa = PBXFileReference; lastKnownFileType = sourcecode.swift; path = "Student+CoreDataClass.swift"; sourceTree = "<group>"; };
		C016CA281F6415CD00ADC985 /* StudentAPI.swift */ = {isa = PBXFileReference; lastKnownFileType = sourcecode.swift; path = StudentAPI.swift; sourceTree = "<group>"; };
		C016CA301F641E7300ADC985 /* AuthAPI.swift */ = {isa = PBXFileReference; lastKnownFileType = sourcecode.swift; path = AuthAPI.swift; sourceTree = "<group>"; };
		C058F5801F77360900DA4AE8 /* StudentSplitViewController.swift */ = {isa = PBXFileReference; lastKnownFileType = sourcecode.swift; path = StudentSplitViewController.swift; sourceTree = "<group>"; };
		C0B950FF1F78149300D16DD1 /* Saveable+CoreDataClass.swift */ = {isa = PBXFileReference; lastKnownFileType = sourcecode.swift; path = "Saveable+CoreDataClass.swift"; sourceTree = "<group>"; };
		C0EB15881F63FE3200B2D6DB /* SystemManager.app */ = {isa = PBXFileReference; explicitFileType = wrapper.application; includeInIndex = 0; path = SystemManager.app; sourceTree = BUILT_PRODUCTS_DIR; };
		C0EB158B1F63FE3200B2D6DB /* AppDelegate.swift */ = {isa = PBXFileReference; lastKnownFileType = sourcecode.swift; path = AppDelegate.swift; sourceTree = "<group>"; };
		C0EB15901F63FE3200B2D6DB /* Base */ = {isa = PBXFileReference; lastKnownFileType = file.storyboard; name = Base; path = Base.lproj/Main.storyboard; sourceTree = "<group>"; };
		C0EB15931F63FE3200B2D6DB /* SystemManager.xcdatamodel */ = {isa = PBXFileReference; lastKnownFileType = wrapper.xcdatamodel; path = SystemManager.xcdatamodel; sourceTree = "<group>"; };
		C0EB15951F63FE3200B2D6DB /* Assets.xcassets */ = {isa = PBXFileReference; lastKnownFileType = folder.assetcatalog; path = Assets.xcassets; sourceTree = "<group>"; };
		C0EB15981F63FE3200B2D6DB /* Base */ = {isa = PBXFileReference; lastKnownFileType = file.storyboard; name = Base; path = Base.lproj/LaunchScreen.storyboard; sourceTree = "<group>"; };
		C0EB159A1F63FE3200B2D6DB /* Info.plist */ = {isa = PBXFileReference; lastKnownFileType = text.plist.xml; path = Info.plist; sourceTree = "<group>"; };
		C0EB15A61F6405B000B2D6DB /* StudentListViewController.swift */ = {isa = PBXFileReference; lastKnownFileType = sourcecode.swift; path = StudentListViewController.swift; sourceTree = "<group>"; };
		C0EB15AA1F6405D200B2D6DB /* StudentTableViewCell.swift */ = {isa = PBXFileReference; lastKnownFileType = sourcecode.swift; path = StudentTableViewCell.swift; sourceTree = "<group>"; };
		C0EF5C5D1F7546AC0063B879 /* CoreStudentCheck.swift */ = {isa = PBXFileReference; lastKnownFileType = sourcecode.swift; path = CoreStudentCheck.swift; sourceTree = "<group>"; };
		C0EF5C601F75482B0063B879 /* StudentManager.swift */ = {isa = PBXFileReference; lastKnownFileType = sourcecode.swift; path = StudentManager.swift; sourceTree = "<group>"; };
/* End PBXFileReference section */

/* Begin PBXFrameworksBuildPhase section */
		C0EB15851F63FE3200B2D6DB /* Frameworks */ = {
			isa = PBXFrameworksBuildPhase;
			buildActionMask = 2147483647;
			files = (
				79388A6269391A36C5411373 /* Pods_SystemManager.framework in Frameworks */,
			);
			runOnlyForDeploymentPostprocessing = 0;
		};
/* End PBXFrameworksBuildPhase section */

/* Begin PBXGroup section */
		14A7D971F2043F3AE7144F80 /* Pods */ = {
			isa = PBXGroup;
			children = (
				33C111BB2E0883C0325ED2A3 /* Pods-SystemManager.debug.xcconfig */,
				09A604E9D9959AE0158BC53B /* Pods-SystemManager.release.xcconfig */,
			);
			name = Pods;
			sourceTree = "<group>";
		};
		4A6D7ED13C0F4C473BD4D2B8 /* Frameworks */ = {
			isa = PBXGroup;
			children = (
				6A3F6E44A31EFFDF4D473BEB /* Pods_SystemManager.framework */,
			);
			name = Frameworks;
			sourceTree = "<group>";
		};
		C016CA221F6414B400ADC985 /* studentAPI */ = {
			isa = PBXGroup;
			children = (
				C016CA281F6415CD00ADC985 /* StudentAPI.swift */,
			);
			path = studentAPI;
			sourceTree = "<group>";
		};
		C016CA231F64157E00ADC985 /* CoreData Models */ = {
			isa = PBXGroup;
			children = (
				C0B950FF1F78149300D16DD1 /* Saveable+CoreDataClass.swift */,
				C016CA241F64159A00ADC985 /* Student+CoreDataClass.swift */,
			);
			path = "CoreData Models";
			sourceTree = "<group>";
		};
		C016CA2F1F641D3E00ADC985 /* authAPI */ = {
			isa = PBXGroup;
			children = (
				C016CA301F641E7300ADC985 /* AuthAPI.swift */,
			);
			path = authAPI;
			sourceTree = "<group>";
		};
		C0EB157F1F63FE3200B2D6DB = {
			isa = PBXGroup;
			children = (
				C0EB158A1F63FE3200B2D6DB /* SystemManager */,
				C0EB15891F63FE3200B2D6DB /* Products */,
				14A7D971F2043F3AE7144F80 /* Pods */,
				4A6D7ED13C0F4C473BD4D2B8 /* Frameworks */,
			);
			sourceTree = "<group>";
		};
		C0EB15891F63FE3200B2D6DB /* Products */ = {
			isa = PBXGroup;
			children = (
				C0EB15881F63FE3200B2D6DB /* SystemManager.app */,
			);
			name = Products;
			sourceTree = "<group>";
		};
		C0EB158A1F63FE3200B2D6DB /* SystemManager */ = {
			isa = PBXGroup;
			children = (
				C0EB15A11F6404F700B2D6DB /* Models */,
				C0EB15A21F6404FF00B2D6DB /* APIs */,
				C0EB15A01F6404F000B2D6DB /* UI */,
				C0EB158B1F63FE3200B2D6DB /* AppDelegate.swift */,
				C0EB158F1F63FE3200B2D6DB /* Main.storyboard */,
				C0EB15951F63FE3200B2D6DB /* Assets.xcassets */,
				C0EB15971F63FE3200B2D6DB /* LaunchScreen.storyboard */,
				C0EB159A1F63FE3200B2D6DB /* Info.plist */,
				C0EB15921F63FE3200B2D6DB /* SystemManager.xcdatamodeld */,
			);
			path = SystemManager;
			sourceTree = "<group>";
		};
		C0EB15A01F6404F000B2D6DB /* UI */ = {
			isa = PBXGroup;
			children = (
				C0EB15A41F64059400B2D6DB /* Student */,
			);
			path = UI;
			sourceTree = "<group>";
		};
		C0EB15A11F6404F700B2D6DB /* Models */ = {
			isa = PBXGroup;
			children = (
				C0EF5C5C1F7545120063B879 /* Student Check Models */,
				C016CA231F64157E00ADC985 /* CoreData Models */,
			);
			path = Models;
			sourceTree = "<group>";
		};
		C0EB15A21F6404FF00B2D6DB /* APIs */ = {
			isa = PBXGroup;
			children = (
				C016CA2F1F641D3E00ADC985 /* authAPI */,
				C016CA221F6414B400ADC985 /* studentAPI */,
				C016CA201F64137F00ADC985 /* StudentCheckAPI.swift */,
			);
			path = APIs;
			sourceTree = "<group>";
		};
		C0EB15A41F64059400B2D6DB /* Student */ = {
			isa = PBXGroup;
			children = (
				C0EB15A51F6405A200B2D6DB /* Student List */,
				C058F5801F77360900DA4AE8 /* StudentSplitViewController.swift */,
			);
			path = Student;
			sourceTree = "<group>";
		};
		C0EB15A51F6405A200B2D6DB /* Student List */ = {
			isa = PBXGroup;
			children = (
				C0EB15A81F6405B600B2D6DB /* Student List Table View */,
				C0EB15A61F6405B000B2D6DB /* StudentListViewController.swift */,
			);
			path = "Student List";
			sourceTree = "<group>";
		};
		C0EB15A81F6405B600B2D6DB /* Student List Table View */ = {
			isa = PBXGroup;
			children = (
				C0EB15AA1F6405D200B2D6DB /* StudentTableViewCell.swift */,
			);
			path = "Student List Table View";
			sourceTree = "<group>";
		};
		C0EF5C5C1F7545120063B879 /* Student Check Models */ = {
			isa = PBXGroup;
			children = (
				C0EF5C5F1F7548020063B879 /* Student */,
				C0EF5C5D1F7546AC0063B879 /* CoreStudentCheck.swift */,
			);
			path = "Student Check Models";
			sourceTree = "<group>";
		};
		C0EF5C5F1F7548020063B879 /* Student */ = {
			isa = PBXGroup;
			children = (
				C0EF5C601F75482B0063B879 /* StudentManager.swift */,
			);
			path = Student;
			sourceTree = "<group>";
		};
/* End PBXGroup section */

/* Begin PBXNativeTarget section */
		C0EB15871F63FE3200B2D6DB /* SystemManager */ = {
			isa = PBXNativeTarget;
			buildConfigurationList = C0EB159D1F63FE3200B2D6DB /* Build configuration list for PBXNativeTarget "SystemManager" */;
			buildPhases = (
				C63F9F32A8CE2F498A61EAD2 /* [CP] Check Pods Manifest.lock */,
				C0EB15841F63FE3200B2D6DB /* Sources */,
				C0EB15851F63FE3200B2D6DB /* Frameworks */,
				C0EB15861F63FE3200B2D6DB /* Resources */,
				1F2BF6C71FDEB8C1802B12BE /* [CP] Embed Pods Frameworks */,
				04A3EFE2360761695C5A093A /* [CP] Copy Pods Resources */,
				C06722AB1F643EAF0062822F /* CopyFiles */,
			);
			buildRules = (
			);
			dependencies = (
			);
			name = SystemManager;
			productName = SystemManager;
			productReference = C0EB15881F63FE3200B2D6DB /* SystemManager.app */;
			productType = "com.apple.product-type.application";
		};
/* End PBXNativeTarget section */

/* Begin PBXProject section */
		C0EB15801F63FE3200B2D6DB /* Project object */ = {
			isa = PBXProject;
			attributes = {
				LastSwiftUpdateCheck = 0900;
				LastUpgradeCheck = 0900;
				ORGANIZATIONNAME = "Guardian Tech";
				TargetAttributes = {
					C0EB15871F63FE3200B2D6DB = {
						CreatedOnToolsVersion = 9.0;
						ProvisioningStyle = Automatic;
					};
				};
			};
			buildConfigurationList = C0EB15831F63FE3200B2D6DB /* Build configuration list for PBXProject "SystemManager" */;
			compatibilityVersion = "Xcode 8.0";
			developmentRegion = en;
			hasScannedForEncodings = 0;
			knownRegions = (
				en,
				Base,
			);
			mainGroup = C0EB157F1F63FE3200B2D6DB;
			productRefGroup = C0EB15891F63FE3200B2D6DB /* Products */;
			projectDirPath = "";
			projectRoot = "";
			targets = (
				C0EB15871F63FE3200B2D6DB /* SystemManager */,
			);
		};
/* End PBXProject section */

/* Begin PBXResourcesBuildPhase section */
		C0EB15861F63FE3200B2D6DB /* Resources */ = {
			isa = PBXResourcesBuildPhase;
			buildActionMask = 2147483647;
			files = (
				C0EB15991F63FE3200B2D6DB /* LaunchScreen.storyboard in Resources */,
				C0EB15961F63FE3200B2D6DB /* Assets.xcassets in Resources */,
				C0EB15911F63FE3200B2D6DB /* Main.storyboard in Resources */,
			);
			runOnlyForDeploymentPostprocessing = 0;
		};
/* End PBXResourcesBuildPhase section */

/* Begin PBXShellScriptBuildPhase section */
		04A3EFE2360761695C5A093A /* [CP] Copy Pods Resources */ = {
			isa = PBXShellScriptBuildPhase;
			buildActionMask = 2147483647;
			files = (
			);
			inputPaths = (
			);
			name = "[CP] Copy Pods Resources";
			outputPaths = (
			);
			runOnlyForDeploymentPostprocessing = 0;
			shellPath = /bin/sh;
			shellScript = "\"${SRCROOT}/Pods/Target Support Files/Pods-SystemManager/Pods-SystemManager-resources.sh\"\n";
			showEnvVarsInLog = 0;
		};
		1F2BF6C71FDEB8C1802B12BE /* [CP] Embed Pods Frameworks */ = {
			isa = PBXShellScriptBuildPhase;
			buildActionMask = 2147483647;
			files = (
			);
			inputPaths = (
				"${SRCROOT}/Pods/Target Support Files/Pods-SystemManager/Pods-SystemManager-frameworks.sh",
				"${BUILT_PRODUCTS_DIR}/Alamofire/Alamofire.framework",
			);
			name = "[CP] Embed Pods Frameworks";
			outputPaths = (
				"${TARGET_BUILD_DIR}/${FRAMEWORKS_FOLDER_PATH}/Alamofire.framework",
			);
			runOnlyForDeploymentPostprocessing = 0;
			shellPath = /bin/sh;
			shellScript = "\"${SRCROOT}/Pods/Target Support Files/Pods-SystemManager/Pods-SystemManager-frameworks.sh\"\n";
			showEnvVarsInLog = 0;
		};
		C63F9F32A8CE2F498A61EAD2 /* [CP] Check Pods Manifest.lock */ = {
			isa = PBXShellScriptBuildPhase;
			buildActionMask = 2147483647;
			files = (
			);
			inputPaths = (
				"${PODS_PODFILE_DIR_PATH}/Podfile.lock",
				"${PODS_ROOT}/Manifest.lock",
			);
			name = "[CP] Check Pods Manifest.lock";
			outputPaths = (
				"$(DERIVED_FILE_DIR)/Pods-SystemManager-checkManifestLockResult.txt",
			);
			runOnlyForDeploymentPostprocessing = 0;
			shellPath = /bin/sh;
			shellScript = "diff \"${PODS_PODFILE_DIR_PATH}/Podfile.lock\" \"${PODS_ROOT}/Manifest.lock\" > /dev/null\nif [ $? != 0 ] ; then\n    # print error to STDERR\n    echo \"error: The sandbox is not in sync with the Podfile.lock. Run 'pod install' or update your CocoaPods installation.\" >&2\n    exit 1\nfi\n# This output is used by Xcode 'outputs' to avoid re-running this script phase.\necho \"SUCCESS\" > \"${SCRIPT_OUTPUT_FILE_0}\"\n";
			showEnvVarsInLog = 0;
		};
/* End PBXShellScriptBuildPhase section */

/* Begin PBXSourcesBuildPhase section */
		C0EB15841F63FE3200B2D6DB /* Sources */ = {
			isa = PBXSourcesBuildPhase;
			buildActionMask = 2147483647;
			files = (
				C0EB15A71F6405B000B2D6DB /* StudentListViewController.swift in Sources */,
				C0EF5C5E1F7546AC0063B879 /* CoreStudentCheck.swift in Sources */,
				C0B951001F78149300D16DD1 /* Saveable+CoreDataClass.swift in Sources */,
				C058F5811F77360900DA4AE8 /* StudentSplitViewController.swift in Sources */,
				C0EB15AB1F6405D200B2D6DB /* StudentTableViewCell.swift in Sources */,
				C016CA311F641E7300ADC985 /* AuthAPI.swift in Sources */,
				C016CA261F64159A00ADC985 /* Student+CoreDataClass.swift in Sources */,
				C0EF5C611F75482B0063B879 /* StudentManager.swift in Sources */,
				C016CA291F6415CD00ADC985 /* StudentAPI.swift in Sources */,
				C016CA211F64137F00ADC985 /* StudentCheckAPI.swift in Sources */,
				C0EB15941F63FE3200B2D6DB /* SystemManager.xcdatamodeld in Sources */,
				C0EB158C1F63FE3200B2D6DB /* AppDelegate.swift in Sources */,
			);
			runOnlyForDeploymentPostprocessing = 0;
		};
/* End PBXSourcesBuildPhase section */

/* Begin PBXVariantGroup section */
		C0EB158F1F63FE3200B2D6DB /* Main.storyboard */ = {
			isa = PBXVariantGroup;
			children = (
				C0EB15901F63FE3200B2D6DB /* Base */,
			);
			name = Main.storyboard;
			sourceTree = "<group>";
		};
		C0EB15971F63FE3200B2D6DB /* LaunchScreen.storyboard */ = {
			isa = PBXVariantGroup;
			children = (
				C0EB15981F63FE3200B2D6DB /* Base */,
			);
			name = LaunchScreen.storyboard;
			sourceTree = "<group>";
		};
/* End PBXVariantGroup section */

/* Begin XCBuildConfiguration section */
		C0EB159B1F63FE3200B2D6DB /* Debug */ = {
			isa = XCBuildConfiguration;
			buildSettings = {
				ALWAYS_SEARCH_USER_PATHS = NO;
				CLANG_ANALYZER_NONNULL = YES;
				CLANG_ANALYZER_NUMBER_OBJECT_CONVERSION = YES_AGGRESSIVE;
				CLANG_CXX_LANGUAGE_STANDARD = "gnu++14";
				CLANG_CXX_LIBRARY = "libc++";
				CLANG_ENABLE_MODULES = YES;
				CLANG_ENABLE_OBJC_ARC = YES;
				CLANG_WARN_BLOCK_CAPTURE_AUTORELEASING = YES;
				CLANG_WARN_BOOL_CONVERSION = YES;
				CLANG_WARN_COMMA = YES;
				CLANG_WARN_CONSTANT_CONVERSION = YES;
				CLANG_WARN_DIRECT_OBJC_ISA_USAGE = YES_ERROR;
				CLANG_WARN_DOCUMENTATION_COMMENTS = YES;
				CLANG_WARN_EMPTY_BODY = YES;
				CLANG_WARN_ENUM_CONVERSION = YES;
				CLANG_WARN_INFINITE_RECURSION = YES;
				CLANG_WARN_INT_CONVERSION = YES;
				CLANG_WARN_NON_LITERAL_NULL_CONVERSION = YES;
				CLANG_WARN_OBJC_LITERAL_CONVERSION = YES;
				CLANG_WARN_OBJC_ROOT_CLASS = YES_ERROR;
				CLANG_WARN_RANGE_LOOP_ANALYSIS = YES;
				CLANG_WARN_STRICT_PROTOTYPES = YES;
				CLANG_WARN_SUSPICIOUS_MOVE = YES;
				CLANG_WARN_UNGUARDED_AVAILABILITY = YES_AGGRESSIVE;
				CLANG_WARN_UNREACHABLE_CODE = YES;
				CLANG_WARN__DUPLICATE_METHOD_MATCH = YES;
				CODE_SIGN_IDENTITY = "iPhone Developer";
				COPY_PHASE_STRIP = NO;
				DEBUG_INFORMATION_FORMAT = dwarf;
				ENABLE_STRICT_OBJC_MSGSEND = YES;
				ENABLE_TESTABILITY = YES;
				GCC_C_LANGUAGE_STANDARD = gnu11;
				GCC_DYNAMIC_NO_PIC = NO;
				GCC_NO_COMMON_BLOCKS = YES;
				GCC_OPTIMIZATION_LEVEL = 0;
				GCC_PREPROCESSOR_DEFINITIONS = (
					"DEBUG=1",
					"$(inherited)",
				);
				GCC_WARN_64_TO_32_BIT_CONVERSION = YES;
				GCC_WARN_ABOUT_RETURN_TYPE = YES_ERROR;
				GCC_WARN_UNDECLARED_SELECTOR = YES;
				GCC_WARN_UNINITIALIZED_AUTOS = YES_AGGRESSIVE;
				GCC_WARN_UNUSED_FUNCTION = YES;
				GCC_WARN_UNUSED_VARIABLE = YES;
				IPHONEOS_DEPLOYMENT_TARGET = 11.0;
				MTL_ENABLE_DEBUG_INFO = YES;
				ONLY_ACTIVE_ARCH = YES;
				SDKROOT = iphoneos;
				SWIFT_ACTIVE_COMPILATION_CONDITIONS = DEBUG;
				SWIFT_OPTIMIZATION_LEVEL = "-Onone";
			};
			name = Debug;
		};
		C0EB159C1F63FE3200B2D6DB /* Release */ = {
			isa = XCBuildConfiguration;
			buildSettings = {
				ALWAYS_SEARCH_USER_PATHS = NO;
				CLANG_ANALYZER_NONNULL = YES;
				CLANG_ANALYZER_NUMBER_OBJECT_CONVERSION = YES_AGGRESSIVE;
				CLANG_CXX_LANGUAGE_STANDARD = "gnu++14";
				CLANG_CXX_LIBRARY = "libc++";
				CLANG_ENABLE_MODULES = YES;
				CLANG_ENABLE_OBJC_ARC = YES;
				CLANG_WARN_BLOCK_CAPTURE_AUTORELEASING = YES;
				CLANG_WARN_BOOL_CONVERSION = YES;
				CLANG_WARN_COMMA = YES;
				CLANG_WARN_CONSTANT_CONVERSION = YES;
				CLANG_WARN_DIRECT_OBJC_ISA_USAGE = YES_ERROR;
				CLANG_WARN_DOCUMENTATION_COMMENTS = YES;
				CLANG_WARN_EMPTY_BODY = YES;
				CLANG_WARN_ENUM_CONVERSION = YES;
				CLANG_WARN_INFINITE_RECURSION = YES;
				CLANG_WARN_INT_CONVERSION = YES;
				CLANG_WARN_NON_LITERAL_NULL_CONVERSION = YES;
				CLANG_WARN_OBJC_LITERAL_CONVERSION = YES;
				CLANG_WARN_OBJC_ROOT_CLASS = YES_ERROR;
				CLANG_WARN_RANGE_LOOP_ANALYSIS = YES;
				CLANG_WARN_STRICT_PROTOTYPES = YES;
				CLANG_WARN_SUSPICIOUS_MOVE = YES;
				CLANG_WARN_UNGUARDED_AVAILABILITY = YES_AGGRESSIVE;
				CLANG_WARN_UNREACHABLE_CODE = YES;
				CLANG_WARN__DUPLICATE_METHOD_MATCH = YES;
				CODE_SIGN_IDENTITY = "iPhone Developer";
				COPY_PHASE_STRIP = NO;
				DEBUG_INFORMATION_FORMAT = "dwarf-with-dsym";
				ENABLE_NS_ASSERTIONS = NO;
				ENABLE_STRICT_OBJC_MSGSEND = YES;
				GCC_C_LANGUAGE_STANDARD = gnu11;
				GCC_NO_COMMON_BLOCKS = YES;
				GCC_WARN_64_TO_32_BIT_CONVERSION = YES;
				GCC_WARN_ABOUT_RETURN_TYPE = YES_ERROR;
				GCC_WARN_UNDECLARED_SELECTOR = YES;
				GCC_WARN_UNINITIALIZED_AUTOS = YES_AGGRESSIVE;
				GCC_WARN_UNUSED_FUNCTION = YES;
				GCC_WARN_UNUSED_VARIABLE = YES;
				IPHONEOS_DEPLOYMENT_TARGET = 11.0;
				MTL_ENABLE_DEBUG_INFO = NO;
				SDKROOT = iphoneos;
				SWIFT_OPTIMIZATION_LEVEL = "-Owholemodule";
				VALIDATE_PRODUCT = YES;
			};
			name = Release;
		};
		C0EB159E1F63FE3200B2D6DB /* Debug */ = {
			isa = XCBuildConfiguration;
			baseConfigurationReference = 33C111BB2E0883C0325ED2A3 /* Pods-SystemManager.debug.xcconfig */;
			buildSettings = {
				ASSETCATALOG_COMPILER_APPICON_NAME = AppIcon;
				CODE_SIGN_STYLE = Automatic;
				DEVELOPMENT_TEAM = 8N2ATYF5VA;
				INFOPLIST_FILE = SystemManager/Info.plist;
				LD_RUNPATH_SEARCH_PATHS = "$(inherited) @executable_path/Frameworks";
				PRODUCT_BUNDLE_IDENTIFIER = cn.codetector.aofchk.SystemManager;
				PRODUCT_NAME = "$(TARGET_NAME)";
				SWIFT_VERSION = 4.0;
				TARGETED_DEVICE_FAMILY = "1,2";
			};
			name = Debug;
		};
		C0EB159F1F63FE3200B2D6DB /* Release */ = {
			isa = XCBuildConfiguration;
			baseConfigurationReference = 09A604E9D9959AE0158BC53B /* Pods-SystemManager.release.xcconfig */;
			buildSettings = {
				ASSETCATALOG_COMPILER_APPICON_NAME = AppIcon;
				CODE_SIGN_STYLE = Automatic;
				DEVELOPMENT_TEAM = 8N2ATYF5VA;
				INFOPLIST_FILE = SystemManager/Info.plist;
				LD_RUNPATH_SEARCH_PATHS = "$(inherited) @executable_path/Frameworks";
				PRODUCT_BUNDLE_IDENTIFIER = cn.codetector.aofchk.SystemManager;
				PRODUCT_NAME = "$(TARGET_NAME)";
				SWIFT_VERSION = 4.0;
				TARGETED_DEVICE_FAMILY = "1,2";
			};
			name = Release;
		};
/* End XCBuildConfiguration section */

/* Begin XCConfigurationList section */
		C0EB15831F63FE3200B2D6DB /* Build configuration list for PBXProject "SystemManager" */ = {
			isa = XCConfigurationList;
			buildConfigurations = (
				C0EB159B1F63FE3200B2D6DB /* Debug */,
				C0EB159C1F63FE3200B2D6DB /* Release */,
			);
			defaultConfigurationIsVisible = 0;
			defaultConfigurationName = Release;
		};
		C0EB159D1F63FE3200B2D6DB /* Build configuration list for PBXNativeTarget "SystemManager" */ = {
			isa = XCConfigurationList;
			buildConfigurations = (
				C0EB159E1F63FE3200B2D6DB /* Debug */,
				C0EB159F1F63FE3200B2D6DB /* Release */,
			);
			defaultConfigurationIsVisible = 0;
			defaultConfigurationName = Release;
		};
/* End XCConfigurationList section */

/* Begin XCVersionGroup section */
		C0EB15921F63FE3200B2D6DB /* SystemManager.xcdatamodeld */ = {
			isa = XCVersionGroup;
			children = (
				C0EB15931F63FE3200B2D6DB /* SystemManager.xcdatamodel */,
			);
			currentVersion = C0EB15931F63FE3200B2D6DB /* SystemManager.xcdatamodel */;
			path = SystemManager.xcdatamodeld;
			sourceTree = "<group>";
			versionGroupType = wrapper.xcdatamodel;
		};
/* End XCVersionGroup section */
	};
	rootObject = C0EB15801F63FE3200B2D6DB /* Project object */;
}
