// !$*UTF8*$!
{
	archiveVersion = 1;
	classes = {
	};
	objectVersion = 48;
	objects = {

/* Begin PBXBuildFile section */
		C0EB158C1F63FE3200B2D6DB /* AppDelegate.swift in Sources */ = {isa = PBXBuildFile; fileRef = C0EB158B1F63FE3200B2D6DB /* AppDelegate.swift */; };
		C0EB158E1F63FE3200B2D6DB /* ViewController.swift in Sources */ = {isa = PBXBuildFile; fileRef = C0EB158D1F63FE3200B2D6DB /* ViewController.swift */; };
		C0EB15911F63FE3200B2D6DB /* Main.storyboard in Resources */ = {isa = PBXBuildFile; fileRef = C0EB158F1F63FE3200B2D6DB /* Main.storyboard */; };
		C0EB15941F63FE3200B2D6DB /* SystemManager.xcdatamodeld in Sources */ = {isa = PBXBuildFile; fileRef = C0EB15921F63FE3200B2D6DB /* SystemManager.xcdatamodeld */; };
		C0EB15961F63FE3200B2D6DB /* Assets.xcassets in Resources */ = {isa = PBXBuildFile; fileRef = C0EB15951F63FE3200B2D6DB /* Assets.xcassets */; };
		C0EB15991F63FE3200B2D6DB /* LaunchScreen.storyboard in Resources */ = {isa = PBXBuildFile; fileRef = C0EB15971F63FE3200B2D6DB /* LaunchScreen.storyboard */; };
/* End PBXBuildFile section */

/* Begin PBXFileReference section */
		C0EB15881F63FE3200B2D6DB /* SystemManager.app */ = {isa = PBXFileReference; explicitFileType = wrapper.application; includeInIndex = 0; path = SystemManager.app; sourceTree = BUILT_PRODUCTS_DIR; };
		C0EB158B1F63FE3200B2D6DB /* AppDelegate.swift */ = {isa = PBXFileReference; lastKnownFileType = sourcecode.swift; path = AppDelegate.swift; sourceTree = "<group>"; };
		C0EB158D1F63FE3200B2D6DB /* ViewController.swift */ = {isa = PBXFileReference; lastKnownFileType = sourcecode.swift; path = ViewController.swift; sourceTree = "<group>"; };
		C0EB15901F63FE3200B2D6DB /* Base */ = {isa = PBXFileReference; lastKnownFileType = file.storyboard; name = Base; path = Base.lproj/Main.storyboard; sourceTree = "<group>"; };
		C0EB15931F63FE3200B2D6DB /* SystemManager.xcdatamodel */ = {isa = PBXFileReference; lastKnownFileType = wrapper.xcdatamodel; path = SystemManager.xcdatamodel; sourceTree = "<group>"; };
		C0EB15951F63FE3200B2D6DB /* Assets.xcassets */ = {isa = PBXFileReference; lastKnownFileType = folder.assetcatalog; path = Assets.xcassets; sourceTree = "<group>"; };
		C0EB15981F63FE3200B2D6DB /* Base */ = {isa = PBXFileReference; lastKnownFileType = file.storyboard; name = Base; path = Base.lproj/LaunchScreen.storyboard; sourceTree = "<group>"; };
		C0EB159A1F63FE3200B2D6DB /* Info.plist */ = {isa = PBXFileReference; lastKnownFileType = text.plist.xml; path = Info.plist; sourceTree = "<group>"; };
/* End PBXFileReference section */

/* Begin PBXFrameworksBuildPhase section */
		C0EB15851F63FE3200B2D6DB /* Frameworks */ = {
			isa = PBXFrameworksBuildPhase;
			buildActionMask = 2147483647;
			files = (
			);
			runOnlyForDeploymentPostprocessing = 0;
		};
/* End PBXFrameworksBuildPhase section */

/* Begin PBXGroup section */
		C0EB157F1F63FE3200B2D6DB = {
			isa = PBXGroup;
			children = (
				C0EB158A1F63FE3200B2D6DB /* SystemManager */,
				C0EB15891F63FE3200B2D6DB /* Products */,
			);
			sourceTree = "<group>";
		};
		C0EB15891F63FE3200B2D6DB /* Products */ = {
			isa = PBXGroup;
			children = (
				C0EB15881F63FE3200B2D6DB /* SystemManager.app */,
			);
			name = Products;
			sourceTree = "<group>";
		};
		C0EB158A1F63FE3200B2D6DB /* SystemManager */ = {
			isa = PBXGroup;
			children = (
				C0EB158B1F63FE3200B2D6DB /* AppDelegate.swift */,
				C0EB158D1F63FE3200B2D6DB /* ViewController.swift */,
				C0EB158F1F63FE3200B2D6DB /* Main.storyboard */,
				C0EB15951F63FE3200B2D6DB /* Assets.xcassets */,
				C0EB15971F63FE3200B2D6DB /* LaunchScreen.storyboard */,
				C0EB159A1F63FE3200B2D6DB /* Info.plist */,
				C0EB15921F63FE3200B2D6DB /* SystemManager.xcdatamodeld */,
			);
			path = SystemManager;
			sourceTree = "<group>";
		};
/* End PBXGroup section */

/* Begin PBXNativeTarget section */
		C0EB15871F63FE3200B2D6DB /* SystemManager */ = {
			isa = PBXNativeTarget;
			buildConfigurationList = C0EB159D1F63FE3200B2D6DB /* Build configuration list for PBXNativeTarget "SystemManager" */;
			buildPhases = (
				C0EB15841F63FE3200B2D6DB /* Sources */,
				C0EB15851F63FE3200B2D6DB /* Frameworks */,
				C0EB15861F63FE3200B2D6DB /* Resources */,
			);
			buildRules = (
			);
			dependencies = (
			);
			name = SystemManager;
			productName = SystemManager;
			productReference = C0EB15881F63FE3200B2D6DB /* SystemManager.app */;
			productType = "com.apple.product-type.application";
		};
/* End PBXNativeTarget section */

/* Begin PBXProject section */
		C0EB15801F63FE3200B2D6DB /* Project object */ = {
			isa = PBXProject;
			attributes = {
				LastSwiftUpdateCheck = 0900;
				LastUpgradeCheck = 0900;
				ORGANIZATIONNAME = "Guardian Tech";
				TargetAttributes = {
					C0EB15871F63FE3200B2D6DB = {
						CreatedOnToolsVersion = 9.0;
						ProvisioningStyle = Automatic;
					};
				};
			};
			buildConfigurationList = C0EB15831F63FE3200B2D6DB /* Build configuration list for PBXProject "SystemManager" */;
			compatibilityVersion = "Xcode 8.0";
			developmentRegion = en;
			hasScannedForEncodings = 0;
			knownRegions = (
				en,
				Base,
			);
			mainGroup = C0EB157F1F63FE3200B2D6DB;
			productRefGroup = C0EB15891F63FE3200B2D6DB /* Products */;
			projectDirPath = "";
			projectRoot = "";
			targets = (
				C0EB15871F63FE3200B2D6DB /* SystemManager */,
			);
		};
/* End PBXProject section */

/* Begin PBXResourcesBuildPhase section */
		C0EB15861F63FE3200B2D6DB /* Resources */ = {
			isa = PBXResourcesBuildPhase;
			buildActionMask = 2147483647;
			files = (
				C0EB15991F63FE3200B2D6DB /* LaunchScreen.storyboard in Resources */,
				C0EB15961F63FE3200B2D6DB /* Assets.xcassets in Resources */,
				C0EB15911F63FE3200B2D6DB /* Main.storyboard in Resources */,
			);
			runOnlyForDeploymentPostprocessing = 0;
		};
/* End PBXResourcesBuildPhase section */

/* Begin PBXSourcesBuildPhase section */
		C0EB15841F63FE3200B2D6DB /* Sources */ = {
			isa = PBXSourcesBuildPhase;
			buildActionMask = 2147483647;
			files = (
				C0EB158E1F63FE3200B2D6DB /* ViewController.swift in Sources */,
				C0EB15941F63FE3200B2D6DB /* SystemManager.xcdatamodeld in Sources */,
				C0EB158C1F63FE3200B2D6DB /* AppDelegate.swift in Sources */,
			);
			runOnlyForDeploymentPostprocessing = 0;
		};
/* End PBXSourcesBuildPhase section */

/* Begin PBXVariantGroup section */
		C0EB158F1F63FE3200B2D6DB /* Main.storyboard */ = {
			isa = PBXVariantGroup;
			children = (
				C0EB15901F63FE3200B2D6DB /* Base */,
			);
			name = Main.storyboard;
			sourceTree = "<group>";
		};
		C0EB15971F63FE3200B2D6DB /* LaunchScreen.storyboard */ = {
			isa = PBXVariantGroup;
			children = (
				C0EB15981F63FE3200B2D6DB /* Base */,
			);
			name = LaunchScreen.storyboard;
			sourceTree = "<group>";
		};
/* End PBXVariantGroup section */

/* Begin XCBuildConfiguration section */
		C0EB159B1F63FE3200B2D6DB /* Debug */ = {
			isa = XCBuildConfiguration;
			buildSettings = {
				ALWAYS_SEARCH_USER_PATHS = NO;
				CLANG_ANALYZER_NONNULL = YES;
				CLANG_ANALYZER_NUMBER_OBJECT_CONVERSION = YES_AGGRESSIVE;
				CLANG_CXX_LANGUAGE_STANDARD = "gnu++14";
				CLANG_CXX_LIBRARY = "libc++";
				CLANG_ENABLE_MODULES = YES;
				CLANG_ENABLE_OBJC_ARC = YES;
				CLANG_WARN_BLOCK_CAPTURE_AUTORELEASING = YES;
				CLANG_WARN_BOOL_CONVERSION = YES;
				CLANG_WARN_COMMA = YES;
				CLANG_WARN_CONSTANT_CONVERSION = YES;
				CLANG_WARN_DIRECT_OBJC_ISA_USAGE = YES_ERROR;
				CLANG_WARN_DOCUMENTATION_COMMENTS = YES;
				CLANG_WARN_EMPTY_BODY = YES;
				CLANG_WARN_ENUM_CONVERSION = YES;
				CLANG_WARN_INFINITE_RECURSION = YES;
				CLANG_WARN_INT_CONVERSION = YES;
				CLANG_WARN_NON_LITERAL_NULL_CONVERSION = YES;
				CLANG_WARN_OBJC_LITERAL_CONVERSION = YES;
				CLANG_WARN_OBJC_ROOT_CLASS = YES_ERROR;
				CLANG_WARN_RANGE_LOOP_ANALYSIS = YES;
				CLANG_WARN_STRICT_PROTOTYPES = YES;
				CLANG_WARN_SUSPICIOUS_MOVE = YES;
				CLANG_WARN_UNGUARDED_AVAILABILITY = YES_AGGRESSIVE;
				CLANG_WARN_UNREACHABLE_CODE = YES;
				CLANG_WARN__DUPLICATE_METHOD_MATCH = YES;
				CODE_SIGN_IDENTITY = "iPhone Developer";
				COPY_PHASE_STRIP = NO;
				DEBUG_INFORMATION_FORMAT = dwarf;
				ENABLE_STRICT_OBJC_MSGSEND = YES;
				ENABLE_TESTABILITY = YES;
				GCC_C_LANGUAGE_STANDARD = gnu11;
				GCC_DYNAMIC_NO_PIC = NO;
				GCC_NO_COMMON_BLOCKS = YES;
				GCC_OPTIMIZATION_LEVEL = 0;
				GCC_PREPROCESSOR_DEFINITIONS = (
					"DEBUG=1",
					"$(inherited)",
				);
				GCC_WARN_64_TO_32_BIT_CONVERSION = YES;
				GCC_WARN_ABOUT_RETURN_TYPE = YES_ERROR;
				GCC_WARN_UNDECLARED_SELECTOR = YES;
				GCC_WARN_UNINITIALIZED_AUTOS = YES_AGGRESSIVE;
				GCC_WARN_UNUSED_FUNCTION = YES;
				GCC_WARN_UNUSED_VARIABLE = YES;
				IPHONEOS_DEPLOYMENT_TARGET = 11.0;
				MTL_ENABLE_DEBUG_INFO = YES;
				ONLY_ACTIVE_ARCH = YES;
				SDKROOT = iphoneos;
				SWIFT_ACTIVE_COMPILATION_CONDITIONS = DEBUG;
				SWIFT_OPTIMIZATION_LEVEL = "-Onone";
			};
			name = Debug;
		};
		C0EB159C1F63FE3200B2D6DB /* Release */ = {
			isa = XCBuildConfiguration;
			buildSettings = {
				ALWAYS_SEARCH_USER_PATHS = NO;
				CLANG_ANALYZER_NONNULL = YES;
				CLANG_ANALYZER_NUMBER_OBJECT_CONVERSION = YES_AGGRESSIVE;
				CLANG_CXX_LANGUAGE_STANDARD = "gnu++14";
				CLANG_CXX_LIBRARY = "libc++";
				CLANG_ENABLE_MODULES = YES;
				CLANG_ENABLE_OBJC_ARC = YES;
				CLANG_WARN_BLOCK_CAPTURE_AUTORELEASING = YES;
				CLANG_WARN_BOOL_CONVERSION = YES;
				CLANG_WARN_COMMA = YES;
				CLANG_WARN_CONSTANT_CONVERSION = YES;
				CLANG_WARN_DIRECT_OBJC_ISA_USAGE = YES_ERROR;
				CLANG_WARN_DOCUMENTATION_COMMENTS = YES;
				CLANG_WARN_EMPTY_BODY = YES;
				CLANG_WARN_ENUM_CONVERSION = YES;
				CLANG_WARN_INFINITE_RECURSION = YES;
				CLANG_WARN_INT_CONVERSION = YES;
				CLANG_WARN_NON_LITERAL_NULL_CONVERSION = YES;
				CLANG_WARN_OBJC_LITERAL_CONVERSION = YES;
				CLANG_WARN_OBJC_ROOT_CLASS = YES_ERROR;
				CLANG_WARN_RANGE_LOOP_ANALYSIS = YES;
				CLANG_WARN_STRICT_PROTOTYPES = YES;
				CLANG_WARN_SUSPICIOUS_MOVE = YES;
				CLANG_WARN_UNGUARDED_AVAILABILITY = YES_AGGRESSIVE;
				CLANG_WARN_UNREACHABLE_CODE = YES;
				CLANG_WARN__DUPLICATE_METHOD_MATCH = YES;
				CODE_SIGN_IDENTITY = "iPhone Developer";
				COPY_PHASE_STRIP = NO;
				DEBUG_INFORMATION_FORMAT = "dwarf-with-dsym";
				ENABLE_NS_ASSERTIONS = NO;
				ENABLE_STRICT_OBJC_MSGSEND = YES;
				GCC_C_LANGUAGE_STANDARD = gnu11;
				GCC_NO_COMMON_BLOCKS = YES;
				GCC_WARN_64_TO_32_BIT_CONVERSION = YES;
				GCC_WARN_ABOUT_RETURN_TYPE = YES_ERROR;
				GCC_WARN_UNDECLARED_SELECTOR = YES;
				GCC_WARN_UNINITIALIZED_AUTOS = YES_AGGRESSIVE;
				GCC_WARN_UNUSED_FUNCTION = YES;
				GCC_WARN_UNUSED_VARIABLE = YES;
				IPHONEOS_DEPLOYMENT_TARGET = 11.0;
				MTL_ENABLE_DEBUG_INFO = NO;
				SDKROOT = iphoneos;
				SWIFT_OPTIMIZATION_LEVEL = "-Owholemodule";
				VALIDATE_PRODUCT = YES;
			};
			name = Release;
		};
		C0EB159E1F63FE3200B2D6DB /* Debug */ = {
			isa = XCBuildConfiguration;
			buildSettings = {
				ASSETCATALOG_COMPILER_APPICON_NAME = AppIcon;
				CODE_SIGN_STYLE = Automatic;
				DEVELOPMENT_TEAM = 8N2ATYF5VA;
				INFOPLIST_FILE = SystemManager/Info.plist;
				LD_RUNPATH_SEARCH_PATHS = "$(inherited) @executable_path/Frameworks";
				PRODUCT_BUNDLE_IDENTIFIER = cn.codetector.aofchk.SystemManager;
				PRODUCT_NAME = "$(TARGET_NAME)";
				SWIFT_VERSION = 4.0;
				TARGETED_DEVICE_FAMILY = "1,2";
			};
			name = Debug;
		};
		C0EB159F1F63FE3200B2D6DB /* Release */ = {
			isa = XCBuildConfiguration;
			buildSettings = {
				ASSETCATALOG_COMPILER_APPICON_NAME = AppIcon;
				CODE_SIGN_STYLE = Automatic;
				DEVELOPMENT_TEAM = 8N2ATYF5VA;
				INFOPLIST_FILE = SystemManager/Info.plist;
				LD_RUNPATH_SEARCH_PATHS = "$(inherited) @executable_path/Frameworks";
				PRODUCT_BUNDLE_IDENTIFIER = cn.codetector.aofchk.SystemManager;
				PRODUCT_NAME = "$(TARGET_NAME)";
				SWIFT_VERSION = 4.0;
				TARGETED_DEVICE_FAMILY = "1,2";
			};
			name = Release;
		};
/* End XCBuildConfiguration section */

/* Begin XCConfigurationList section */
		C0EB15831F63FE3200B2D6DB /* Build configuration list for PBXProject "SystemManager" */ = {
			isa = XCConfigurationList;
			buildConfigurations = (
				C0EB159B1F63FE3200B2D6DB /* Debug */,
				C0EB159C1F63FE3200B2D6DB /* Release */,
			);
			defaultConfigurationIsVisible = 0;
			defaultConfigurationName = Release;
		};
		C0EB159D1F63FE3200B2D6DB /* Build configuration list for PBXNativeTarget "SystemManager" */ = {
			isa = XCConfigurationList;
			buildConfigurations = (
				C0EB159E1F63FE3200B2D6DB /* Debug */,
				C0EB159F1F63FE3200B2D6DB /* Release */,
			);
			defaultConfigurationIsVisible = 0;
			defaultConfigurationName = Release;
		};
/* End XCConfigurationList section */

/* Begin XCVersionGroup section */
		C0EB15921F63FE3200B2D6DB /* SystemManager.xcdatamodeld */ = {
			isa = XCVersionGroup;
			children = (
				C0EB15931F63FE3200B2D6DB /* SystemManager.xcdatamodel */,
			);
			currentVersion = C0EB15931F63FE3200B2D6DB /* SystemManager.xcdatamodel */;
			path = SystemManager.xcdatamodeld;
			sourceTree = "<group>";
			versionGroupType = wrapper.xcdatamodel;
		};
/* End XCVersionGroup section */
	};
	rootObject = C0EB15801F63FE3200B2D6DB /* Project object */;
}
